
Microsoft Visual Studio Solution File, Format Version 12.00
# Visual Studio Version 17
VisualStudioVersion = 17.7.34031.279
MinimumVisualStudioVersion = 10.0.40219.1
Project("{FAE04EC0-301F-11D3-BF4B-00C04F79EFBC}") = "EcommerceAPI", "EcommerceAPI\EcommerceAPI.csproj", "{52D217AC-3738-412E-913D-56E8F26E397B}"
EndProject
Global
	GlobalSection(SolutionConfigurationPlatforms) = preSolution
		Debug|Any CPU = Debug|Any CPU
		Release|Any CPU = Release|Any CPU
	EndGlobalSection
	GlobalSection(ProjectConfigurationPlatforms) = postSolution
		{52D217AC-3738-412E-913D-56E8F26E397B}.Debug|Any CPU.ActiveCfg = Debug|Any CPU
		{52D217AC-3738-412E-913D-56E8F26E397B}.Debug|Any CPU.Build.0 = Debug|Any CPU
		{52D217AC-3738-412E-913D-56E8F26E397B}.Release|Any CPU.ActiveCfg = Release|Any CPU
		{52D217AC-3738-412E-913D-56E8F26E397B}.Release|Any CPU.Build.0 = Release|Any CPU
	EndGlobalSection
	GlobalSection(SolutionProperties) = preSolution
		HideSolutionNode = FALSE
	EndGlobalSection
	GlobalSection(ExtensibilityGlobals) = postSolution
		SolutionGuid = {D7DC3052-624C-440F-BC3F-A6737DF25780}
	EndGlobalSection
EndGlobal
